
Microsoft Visual Studio Solution File, Format Version 12.00
# Visual Studio 15
VisualStudioVersion = 15.0.28307.271
MinimumVisualStudioVersion = 10.0.40219.1
Project("{FAE04EC0-301F-11D3-BF4B-00C04F79EFBC}") = "POCStoreConnect", "POCStoreConnect\POCStoreConnect.csproj", "{FCEB232B-CF4C-4E7E-93AB-36CF56DF3985}"
EndProject
Project("{2150E333-8FDC-42A3-9474-1A3956D46DE8}") = "Solution Items", "Solution Items", "{CF5E3845-802D-44D4-9B3C-D76BA55C234A}"
	ProjectSection(SolutionItems) = preProject
		README.md = README.md
	EndProjectSection
EndProject
Global
	GlobalSection(SolutionConfigurationPlatforms) = preSolution
		Debug|Any CPU = Debug|Any CPU
		Release|Any CPU = Release|Any CPU
	EndGlobalSection
	GlobalSection(ProjectConfigurationPlatforms) = postSolution
		{FCEB232B-CF4C-4E7E-93AB-36CF56DF3985}.Debug|Any CPU.ActiveCfg = Debug|Any CPU
		{FCEB232B-CF4C-4E7E-93AB-36CF56DF3985}.Debug|Any CPU.Build.0 = Debug|Any CPU
		{FCEB232B-CF4C-4E7E-93AB-36CF56DF3985}.Release|Any CPU.ActiveCfg = Release|Any CPU
		{FCEB232B-CF4C-4E7E-93AB-36CF56DF3985}.Release|Any CPU.Build.0 = Release|Any CPU
	EndGlobalSection
	GlobalSection(SolutionProperties) = preSolution
		HideSolutionNode = FALSE
	EndGlobalSection
	GlobalSection(ExtensibilityGlobals) = postSolution
		SolutionGuid = {DF881805-724E-4D03-989C-93AB040D24E9}
	EndGlobalSection
EndGlobal
